
Microsoft Visual Studio Solution File, Format Version 12.00
# Visual Studio Version 16
VisualStudioVersion = 16.0.29519.87
MinimumVisualStudioVersion = 10.0.40219.1
Project("{9A19103F-16F7-4668-BE54-9A1E7A4F7556}") = "YangXuASPNETCORE3.0", "YangXuASPNETCORE3.0\YangXuASPNETCORE3.0.csproj", "{E2D362E5-4B07-48D3-8E62-63614FFF3819}"
EndProject
Project("{9A19103F-16F7-4668-BE54-9A1E7A4F7556}") = "YangXuSignalR", "YangXuSingalR\YangXuSignalR.csproj", "{3791BF21-5A64-4F7C-944A-E6DF58B63BCD}"
EndProject
Project("{9A19103F-16F7-4668-BE54-9A1E7A4F7556}") = "YangXuAPI", "YangXuAPI\YangXuAPI.csproj", "{5ED564FD-8F1B-44CF-9D99-7A56DA7323FD}"
EndProject
Global
	GlobalSection(SolutionConfigurationPlatforms) = preSolution
		Debug|Any CPU = Debug|Any CPU
		Release|Any CPU = Release|Any CPU
	EndGlobalSection
	GlobalSection(ProjectConfigurationPlatforms) = postSolution
		{E2D362E5-4B07-48D3-8E62-63614FFF3819}.Debug|Any CPU.ActiveCfg = Debug|Any CPU
		{E2D362E5-4B07-48D3-8E62-63614FFF3819}.Debug|Any CPU.Build.0 = Debug|Any CPU
		{E2D362E5-4B07-48D3-8E62-63614FFF3819}.Release|Any CPU.ActiveCfg = Release|Any CPU
		{E2D362E5-4B07-48D3-8E62-63614FFF3819}.Release|Any CPU.Build.0 = Release|Any CPU
		{3791BF21-5A64-4F7C-944A-E6DF58B63BCD}.Debug|Any CPU.ActiveCfg = Debug|Any CPU
		{3791BF21-5A64-4F7C-944A-E6DF58B63BCD}.Debug|Any CPU.Build.0 = Debug|Any CPU
		{3791BF21-5A64-4F7C-944A-E6DF58B63BCD}.Release|Any CPU.ActiveCfg = Release|Any CPU
		{3791BF21-5A64-4F7C-944A-E6DF58B63BCD}.Release|Any CPU.Build.0 = Release|Any CPU
		{5ED564FD-8F1B-44CF-9D99-7A56DA7323FD}.Debug|Any CPU.ActiveCfg = Debug|Any CPU
		{5ED564FD-8F1B-44CF-9D99-7A56DA7323FD}.Debug|Any CPU.Build.0 = Debug|Any CPU
		{5ED564FD-8F1B-44CF-9D99-7A56DA7323FD}.Release|Any CPU.ActiveCfg = Release|Any CPU
		{5ED564FD-8F1B-44CF-9D99-7A56DA7323FD}.Release|Any CPU.Build.0 = Release|Any CPU
	EndGlobalSection
	GlobalSection(SolutionProperties) = preSolution
		HideSolutionNode = FALSE
	EndGlobalSection
	GlobalSection(ExtensibilityGlobals) = postSolution
		SolutionGuid = {DF8BDCAB-09CF-4A72-B032-3073A0BB006C}
	EndGlobalSection
EndGlobal
